// !$*UTF8*$!
{
	archiveVersion = 1;
	classes = {
	};
	objectVersion = 50;
	objects = {

/* Begin PBXBuildFile section */
		6CA27A9E23545FD2001B3BA9 /* AppDelegate.m in Sources */ = {isa = PBXBuildFile; fileRef = 6CA27A9D23545FD2001B3BA9 /* AppDelegate.m */; };
		6CA27AA123545FD2001B3BA9 /* SceneDelegate.m in Sources */ = {isa = PBXBuildFile; fileRef = 6CA27AA023545FD2001B3BA9 /* SceneDelegate.m */; };
		6CA27AA423545FD2001B3BA9 /* ViewController.m in Sources */ = {isa = PBXBuildFile; fileRef = 6CA27AA323545FD2001B3BA9 /* ViewController.m */; };
		6CA27AA723545FD2001B3BA9 /* Main.storyboard in Resources */ = {isa = PBXBuildFile; fileRef = 6CA27AA523545FD2001B3BA9 /* Main.storyboard */; };
		6CA27AA923545FD4001B3BA9 /* Assets.xcassets in Resources */ = {isa = PBXBuildFile; fileRef = 6CA27AA823545FD4001B3BA9 /* Assets.xcassets */; };
		6CA27AAC23545FD4001B3BA9 /* LaunchScreen.storyboard in Resources */ = {isa = PBXBuildFile; fileRef = 6CA27AAA23545FD4001B3BA9 /* LaunchScreen.storyboard */; };
		6CA27AAF23545FD4001B3BA9 /* main.m in Sources */ = {isa = PBXBuildFile; fileRef = 6CA27AAE23545FD4001B3BA9 /* main.m */; };
		6CA27AB923545FD4001B3BA9 /* JWQRTests.m in Sources */ = {isa = PBXBuildFile; fileRef = 6CA27AB823545FD4001B3BA9 /* JWQRTests.m */; };
		6CA27AC423545FD4001B3BA9 /* JWQRUITests.m in Sources */ = {isa = PBXBuildFile; fileRef = 6CA27AC323545FD4001B3BA9 /* JWQRUITests.m */; };
/* End PBXBuildFile section */

/* Begin PBXContainerItemProxy section */
		6CA27AB523545FD4001B3BA9 /* PBXContainerItemProxy */ = {
			isa = PBXContainerItemProxy;
			containerPortal = 6CA27A9123545FD1001B3BA9 /* Project object */;
			proxyType = 1;
			remoteGlobalIDString = 6CA27A9823545FD2001B3BA9;
			remoteInfo = JWQR;
		};
		6CA27AC023545FD4001B3BA9 /* PBXContainerItemProxy */ = {
			isa = PBXContainerItemProxy;
			containerPortal = 6CA27A9123545FD1001B3BA9 /* Project object */;
			proxyType = 1;
			remoteGlobalIDString = 6CA27A9823545FD2001B3BA9;
			remoteInfo = JWQR;
		};
/* End PBXContainerItemProxy section */

/* Begin PBXFileReference section */
		6CA27A9923545FD2001B3BA9 /* JWQR.app */ = {isa = PBXFileReference; explicitFileType = wrapper.application; includeInIndex = 0; path = JWQR.app; sourceTree = BUILT_PRODUCTS_DIR; };
		6CA27A9C23545FD2001B3BA9 /* AppDelegate.h */ = {isa = PBXFileReference; lastKnownFileType = sourcecode.c.h; path = AppDelegate.h; sourceTree = "<group>"; };
		6CA27A9D23545FD2001B3BA9 /* AppDelegate.m */ = {isa = PBXFileReference; lastKnownFileType = sourcecode.c.objc; path = AppDelegate.m; sourceTree = "<group>"; };
		6CA27A9F23545FD2001B3BA9 /* SceneDelegate.h */ = {isa = PBXFileReference; lastKnownFileType = sourcecode.c.h; path = SceneDelegate.h; sourceTree = "<group>"; };
		6CA27AA023545FD2001B3BA9 /* SceneDelegate.m */ = {isa = PBXFileReference; lastKnownFileType = sourcecode.c.objc; path = SceneDelegate.m; sourceTree = "<group>"; };
		6CA27AA223545FD2001B3BA9 /* ViewController.h */ = {isa = PBXFileReference; lastKnownFileType = sourcecode.c.h; path = ViewController.h; sourceTree = "<group>"; };
		6CA27AA323545FD2001B3BA9 /* ViewController.m */ = {isa = PBXFileReference; lastKnownFileType = sourcecode.c.objc; path = ViewController.m; sourceTree = "<group>"; };
		6CA27AA623545FD2001B3BA9 /* Base */ = {isa = PBXFileReference; lastKnownFileType = file.storyboard; name = Base; path = Base.lproj/Main.storyboard; sourceTree = "<group>"; };
		6CA27AA823545FD4001B3BA9 /* Assets.xcassets */ = {isa = PBXFileReference; lastKnownFileType = folder.assetcatalog; path = Assets.xcassets; sourceTree = "<group>"; };
		6CA27AAB23545FD4001B3BA9 /* Base */ = {isa = PBXFileReference; lastKnownFileType = file.storyboard; name = Base; path = Base.lproj/LaunchScreen.storyboard; sourceTree = "<group>"; };
		6CA27AAD23545FD4001B3BA9 /* Info.plist */ = {isa = PBXFileReference; lastKnownFileType = text.plist.xml; path = Info.plist; sourceTree = "<group>"; };
		6CA27AAE23545FD4001B3BA9 /* main.m */ = {isa = PBXFileReference; lastKnownFileType = sourcecode.c.objc; path = main.m; sourceTree = "<group>"; };
		6CA27AB423545FD4001B3BA9 /* JWQRTests.xctest */ = {isa = PBXFileReference; explicitFileType = wrapper.cfbundle; includeInIndex = 0; path = JWQRTests.xctest; sourceTree = BUILT_PRODUCTS_DIR; };
		6CA27AB823545FD4001B3BA9 /* JWQRTests.m */ = {isa = PBXFileReference; lastKnownFileType = sourcecode.c.objc; path = JWQRTests.m; sourceTree = "<group>"; };
		6CA27ABA23545FD4001B3BA9 /* Info.plist */ = {isa = PBXFileReference; lastKnownFileType = text.plist.xml; path = Info.plist; sourceTree = "<group>"; };
		6CA27ABF23545FD4001B3BA9 /* JWQRUITests.xctest */ = {isa = PBXFileReference; explicitFileType = wrapper.cfbundle; includeInIndex = 0; path = JWQRUITests.xctest; sourceTree = BUILT_PRODUCTS_DIR; };
		6CA27AC323545FD4001B3BA9 /* JWQRUITests.m */ = {isa = PBXFileReference; lastKnownFileType = sourcecode.c.objc; path = JWQRUITests.m; sourceTree = "<group>"; };
		6CA27AC523545FD4001B3BA9 /* Info.plist */ = {isa = PBXFileReference; lastKnownFileType = text.plist.xml; path = Info.plist; sourceTree = "<group>"; };
/* End PBXFileReference section */

/* Begin PBXFrameworksBuildPhase section */
		6CA27A9623545FD2001B3BA9 /* Frameworks */ = {
			isa = PBXFrameworksBuildPhase;
			buildActionMask = 2147483647;
			files = (
			);
			runOnlyForDeploymentPostprocessing = 0;
		};
		6CA27AB123545FD4001B3BA9 /* Frameworks */ = {
			isa = PBXFrameworksBuildPhase;
			buildActionMask = 2147483647;
			files = (
			);
			runOnlyForDeploymentPostprocessing = 0;
		};
		6CA27ABC23545FD4001B3BA9 /* Frameworks */ = {
			isa = PBXFrameworksBuildPhase;
			buildActionMask = 2147483647;
			files = (
			);
			runOnlyForDeploymentPostprocessing = 0;
		};
/* End PBXFrameworksBuildPhase section */

/* Begin PBXGroup section */
		6CA27A9023545FD1001B3BA9 = {
			isa = PBXGroup;
			children = (
				6CA27A9B23545FD2001B3BA9 /* JWQR */,
				6CA27AB723545FD4001B3BA9 /* JWQRTests */,
				6CA27AC223545FD4001B3BA9 /* JWQRUITests */,
				6CA27A9A23545FD2001B3BA9 /* Products */,
			);
			sourceTree = "<group>";
		};
		6CA27A9A23545FD2001B3BA9 /* Products */ = {
			isa = PBXGroup;
			children = (
				6CA27A9923545FD2001B3BA9 /* JWQR.app */,
				6CA27AB423545FD4001B3BA9 /* JWQRTests.xctest */,
				6CA27ABF23545FD4001B3BA9 /* JWQRUITests.xctest */,
			);
			name = Products;
			sourceTree = "<group>";
		};
		6CA27A9B23545FD2001B3BA9 /* JWQR */ = {
			isa = PBXGroup;
			children = (
				6CA27A9C23545FD2001B3BA9 /* AppDelegate.h */,
				6CA27A9D23545FD2001B3BA9 /* AppDelegate.m */,
				6CA27A9F23545FD2001B3BA9 /* SceneDelegate.h */,
				6CA27AA023545FD2001B3BA9 /* SceneDelegate.m */,
				6CA27AA223545FD2001B3BA9 /* ViewController.h */,
				6CA27AA323545FD2001B3BA9 /* ViewController.m */,
				6CA27AA523545FD2001B3BA9 /* Main.storyboard */,
				6CA27AA823545FD4001B3BA9 /* Assets.xcassets */,
				6CA27AAA23545FD4001B3BA9 /* LaunchScreen.storyboard */,
				6CA27AAD23545FD4001B3BA9 /* Info.plist */,
				6CA27AAE23545FD4001B3BA9 /* main.m */,
			);
			path = JWQR;
			sourceTree = "<group>";
		};
		6CA27AB723545FD4001B3BA9 /* JWQRTests */ = {
			isa = PBXGroup;
			children = (
				6CA27AB823545FD4001B3BA9 /* JWQRTests.m */,
				6CA27ABA23545FD4001B3BA9 /* Info.plist */,
			);
			path = JWQRTests;
			sourceTree = "<group>";
		};
		6CA27AC223545FD4001B3BA9 /* JWQRUITests */ = {
			isa = PBXGroup;
			children = (
				6CA27AC323545FD4001B3BA9 /* JWQRUITests.m */,
				6CA27AC523545FD4001B3BA9 /* Info.plist */,
			);
			path = JWQRUITests;
			sourceTree = "<group>";
		};
/* End PBXGroup section */

/* Begin PBXNativeTarget section */
		6CA27A9823545FD2001B3BA9 /* JWQR */ = {
			isa = PBXNativeTarget;
			buildConfigurationList = 6CA27AC823545FD4001B3BA9 /* Build configuration list for PBXNativeTarget "JWQR" */;
			buildPhases = (
				6CA27A9523545FD2001B3BA9 /* Sources */,
				6CA27A9623545FD2001B3BA9 /* Frameworks */,
				6CA27A9723545FD2001B3BA9 /* Resources */,
			);
			buildRules = (
			);
			dependencies = (
			);
			name = JWQR;
			productName = JWQR;
			productReference = 6CA27A9923545FD2001B3BA9 /* JWQR.app */;
			productType = "com.apple.product-type.application";
		};
		6CA27AB323545FD4001B3BA9 /* JWQRTests */ = {
			isa = PBXNativeTarget;
			buildConfigurationList = 6CA27ACB23545FD4001B3BA9 /* Build configuration list for PBXNativeTarget "JWQRTests" */;
			buildPhases = (
				6CA27AB023545FD4001B3BA9 /* Sources */,
				6CA27AB123545FD4001B3BA9 /* Frameworks */,
				6CA27AB223545FD4001B3BA9 /* Resources */,
			);
			buildRules = (
			);
			dependencies = (
				6CA27AB623545FD4001B3BA9 /* PBXTargetDependency */,
			);
			name = JWQRTests;
			productName = JWQRTests;
			productReference = 6CA27AB423545FD4001B3BA9 /* JWQRTests.xctest */;
			productType = "com.apple.product-type.bundle.unit-test";
		};
		6CA27ABE23545FD4001B3BA9 /* JWQRUITests */ = {
			isa = PBXNativeTarget;
			buildConfigurationList = 6CA27ACE23545FD4001B3BA9 /* Build configuration list for PBXNativeTarget "JWQRUITests" */;
			buildPhases = (
				6CA27ABB23545FD4001B3BA9 /* Sources */,
				6CA27ABC23545FD4001B3BA9 /* Frameworks */,
				6CA27ABD23545FD4001B3BA9 /* Resources */,
			);
			buildRules = (
			);
			dependencies = (
				6CA27AC123545FD4001B3BA9 /* PBXTargetDependency */,
			);
			name = JWQRUITests;
			productName = JWQRUITests;
			productReference = 6CA27ABF23545FD4001B3BA9 /* JWQRUITests.xctest */;
			productType = "com.apple.product-type.bundle.ui-testing";
		};
/* End PBXNativeTarget section */

/* Begin PBXProject section */
		6CA27A9123545FD1001B3BA9 /* Project object */ = {
			isa = PBXProject;
			attributes = {
				LastUpgradeCheck = 1100;
				ORGANIZATIONNAME = lize;
				TargetAttributes = {
					6CA27A9823545FD2001B3BA9 = {
						CreatedOnToolsVersion = 11.0;
					};
					6CA27AB323545FD4001B3BA9 = {
						CreatedOnToolsVersion = 11.0;
						TestTargetID = 6CA27A9823545FD2001B3BA9;
					};
					6CA27ABE23545FD4001B3BA9 = {
						CreatedOnToolsVersion = 11.0;
						TestTargetID = 6CA27A9823545FD2001B3BA9;
					};
				};
			};
			buildConfigurationList = 6CA27A9423545FD1001B3BA9 /* Build configuration list for PBXProject "JWQR" */;
			compatibilityVersion = "Xcode 9.3";
			developmentRegion = en;
			hasScannedForEncodings = 0;
			knownRegions = (
				en,
				Base,
			);
			mainGroup = 6CA27A9023545FD1001B3BA9;
			productRefGroup = 6CA27A9A23545FD2001B3BA9 /* Products */;
			projectDirPath = "";
			projectRoot = "";
			targets = (
				6CA27A9823545FD2001B3BA9 /* JWQR */,
				6CA27AB323545FD4001B3BA9 /* JWQRTests */,
				6CA27ABE23545FD4001B3BA9 /* JWQRUITests */,
			);
		};
/* End PBXProject section */

/* Begin PBXResourcesBuildPhase section */
		6CA27A9723545FD2001B3BA9 /* Resources */ = {
			isa = PBXResourcesBuildPhase;
			buildActionMask = 2147483647;
			files = (
				6CA27AAC23545FD4001B3BA9 /* LaunchScreen.storyboard in Resources */,
				6CA27AA923545FD4001B3BA9 /* Assets.xcassets in Resources */,
				6CA27AA723545FD2001B3BA9 /* Main.storyboard in Resources */,
			);
			runOnlyForDeploymentPostprocessing = 0;
		};
		6CA27AB223545FD4001B3BA9 /* Resources */ = {
			isa = PBXResourcesBuildPhase;
			buildActionMask = 2147483647;
			files = (
			);
			runOnlyForDeploymentPostprocessing = 0;
		};
		6CA27ABD23545FD4001B3BA9 /* Resources */ = {
			isa = PBXResourcesBuildPhase;
			buildActionMask = 2147483647;
			files = (
			);
			runOnlyForDeploymentPostprocessing = 0;
		};
/* End PBXResourcesBuildPhase section */

/* Begin PBXSourcesBuildPhase section */
		6CA27A9523545FD2001B3BA9 /* Sources */ = {
			isa = PBXSourcesBuildPhase;
			buildActionMask = 2147483647;
			files = (
				6CA27AA423545FD2001B3BA9 /* ViewController.m in Sources */,
				6CA27A9E23545FD2001B3BA9 /* AppDelegate.m in Sources */,
				6CA27AAF23545FD4001B3BA9 /* main.m in Sources */,
				6CA27AA123545FD2001B3BA9 /* SceneDelegate.m in Sources */,
			);
			runOnlyForDeploymentPostprocessing = 0;
		};
		6CA27AB023545FD4001B3BA9 /* Sources */ = {
			isa = PBXSourcesBuildPhase;
			buildActionMask = 2147483647;
			files = (
				6CA27AB923545FD4001B3BA9 /* JWQRTests.m in Sources */,
			);
			runOnlyForDeploymentPostprocessing = 0;
		};
		6CA27ABB23545FD4001B3BA9 /* Sources */ = {
			isa = PBXSourcesBuildPhase;
			buildActionMask = 2147483647;
			files = (
				6CA27AC423545FD4001B3BA9 /* JWQRUITests.m in Sources */,
			);
			runOnlyForDeploymentPostprocessing = 0;
		};
/* End PBXSourcesBuildPhase section */

/* Begin PBXTargetDependency section */
		6CA27AB623545FD4001B3BA9 /* PBXTargetDependency */ = {
			isa = PBXTargetDependency;
			target = 6CA27A9823545FD2001B3BA9 /* JWQR */;
			targetProxy = 6CA27AB523545FD4001B3BA9 /* PBXContainerItemProxy */;
		};
		6CA27AC123545FD4001B3BA9 /* PBXTargetDependency */ = {
			isa = PBXTargetDependency;
			target = 6CA27A9823545FD2001B3BA9 /* JWQR */;
			targetProxy = 6CA27AC023545FD4001B3BA9 /* PBXContainerItemProxy */;
		};
/* End PBXTargetDependency section */

/* Begin PBXVariantGroup section */
		6CA27AA523545FD2001B3BA9 /* Main.storyboard */ = {
			isa = PBXVariantGroup;
			children = (
				6CA27AA623545FD2001B3BA9 /* Base */,
			);
			name = Main.storyboard;
			sourceTree = "<group>";
		};
		6CA27AAA23545FD4001B3BA9 /* LaunchScreen.storyboard */ = {
			isa = PBXVariantGroup;
			children = (
				6CA27AAB23545FD4001B3BA9 /* Base */,
			);
			name = LaunchScreen.storyboard;
			sourceTree = "<group>";
		};
/* End PBXVariantGroup section */

/* Begin XCBuildConfiguration section */
		6CA27AC623545FD4001B3BA9 /* Debug */ = {
			isa = XCBuildConfiguration;
			buildSettings = {
				ALWAYS_SEARCH_USER_PATHS = NO;
				CLANG_ANALYZER_NONNULL = YES;
				CLANG_ANALYZER_NUMBER_OBJECT_CONVERSION = YES_AGGRESSIVE;
				CLANG_CXX_LANGUAGE_STANDARD = "gnu++14";
				CLANG_CXX_LIBRARY = "libc++";
				CLANG_ENABLE_MODULES = YES;
				CLANG_ENABLE_OBJC_ARC = YES;
				CLANG_ENABLE_OBJC_WEAK = YES;
				CLANG_WARN_BLOCK_CAPTURE_AUTORELEASING = YES;
				CLANG_WARN_BOOL_CONVERSION = YES;
				CLANG_WARN_COMMA = YES;
				CLANG_WARN_CONSTANT_CONVERSION = YES;
				CLANG_WARN_DEPRECATED_OBJC_IMPLEMENTATIONS = YES;
				CLANG_WARN_DIRECT_OBJC_ISA_USAGE = YES_ERROR;
				CLANG_WARN_DOCUMENTATION_COMMENTS = YES;
				CLANG_WARN_EMPTY_BODY = YES;
				CLANG_WARN_ENUM_CONVERSION = YES;
				CLANG_WARN_INFINITE_RECURSION = YES;
				CLANG_WARN_INT_CONVERSION = YES;
				CLANG_WARN_NON_LITERAL_NULL_CONVERSION = YES;
				CLANG_WARN_OBJC_IMPLICIT_RETAIN_SELF = YES;
				CLANG_WARN_OBJC_LITERAL_CONVERSION = YES;
				CLANG_WARN_OBJC_ROOT_CLASS = YES_ERROR;
				CLANG_WARN_RANGE_LOOP_ANALYSIS = YES;
				CLANG_WARN_STRICT_PROTOTYPES = YES;
				CLANG_WARN_SUSPICIOUS_MOVE = YES;
				CLANG_WARN_UNGUARDED_AVAILABILITY = YES_AGGRESSIVE;
				CLANG_WARN_UNREACHABLE_CODE = YES;
				CLANG_WARN__DUPLICATE_METHOD_MATCH = YES;
				COPY_PHASE_STRIP = NO;
				DEBUG_INFORMATION_FORMAT = dwarf;
				ENABLE_STRICT_OBJC_MSGSEND = YES;
				ENABLE_TESTABILITY = YES;
				GCC_C_LANGUAGE_STANDARD = gnu11;
				GCC_DYNAMIC_NO_PIC = NO;
				GCC_NO_COMMON_BLOCKS = YES;
				GCC_OPTIMIZATION_LEVEL = 0;
				GCC_PREPROCESSOR_DEFINITIONS = (
					"DEBUG=1",
					"$(inherited)",
				);
				GCC_WARN_64_TO_32_BIT_CONVERSION = YES;
				GCC_WARN_ABOUT_RETURN_TYPE = YES_ERROR;
				GCC_WARN_UNDECLARED_SELECTOR = YES;
				GCC_WARN_UNINITIALIZED_AUTOS = YES_AGGRESSIVE;
				GCC_WARN_UNUSED_FUNCTION = YES;
				GCC_WARN_UNUSED_VARIABLE = YES;
				IPHONEOS_DEPLOYMENT_TARGET = 13.0;
				MTL_ENABLE_DEBUG_INFO = INCLUDE_SOURCE;
				MTL_FAST_MATH = YES;
				ONLY_ACTIVE_ARCH = YES;
				SDKROOT = iphoneos;
			};
			name = Debug;
		};
		6CA27AC723545FD4001B3BA9 /* Release */ = {
			isa = XCBuildConfiguration;
			buildSettings = {
				ALWAYS_SEARCH_USER_PATHS = NO;
				CLANG_ANALYZER_NONNULL = YES;
				CLANG_ANALYZER_NUMBER_OBJECT_CONVERSION = YES_AGGRESSIVE;
				CLANG_CXX_LANGUAGE_STANDARD = "gnu++14";
				CLANG_CXX_LIBRARY = "libc++";
				CLANG_ENABLE_MODULES = YES;
				CLANG_ENABLE_OBJC_ARC = YES;
				CLANG_ENABLE_OBJC_WEAK = YES;
				CLANG_WARN_BLOCK_CAPTURE_AUTORELEASING = YES;
				CLANG_WARN_BOOL_CONVERSION = YES;
				CLANG_WARN_COMMA = YES;
				CLANG_WARN_CONSTANT_CONVERSION = YES;
				CLANG_WARN_DEPRECATED_OBJC_IMPLEMENTATIONS = YES;
				CLANG_WARN_DIRECT_OBJC_ISA_USAGE = YES_ERROR;
				CLANG_WARN_DOCUMENTATION_COMMENTS = YES;
				CLANG_WARN_EMPTY_BODY = YES;
				CLANG_WARN_ENUM_CONVERSION = YES;
				CLANG_WARN_INFINITE_RECURSION = YES;
				CLANG_WARN_INT_CONVERSION = YES;
				CLANG_WARN_NON_LITERAL_NULL_CONVERSION = YES;
				CLANG_WARN_OBJC_IMPLICIT_RETAIN_SELF = YES;
				CLANG_WARN_OBJC_LITERAL_CONVERSION = YES;
				CLANG_WARN_OBJC_ROOT_CLASS = YES_ERROR;
				CLANG_WARN_RANGE_LOOP_ANALYSIS = YES;
				CLANG_WARN_STRICT_PROTOTYPES = YES;
				CLANG_WARN_SUSPICIOUS_MOVE = YES;
				CLANG_WARN_UNGUARDED_AVAILABILITY = YES_AGGRESSIVE;
				CLANG_WARN_UNREACHABLE_CODE = YES;
				CLANG_WARN__DUPLICATE_METHOD_MATCH = YES;
				COPY_PHASE_STRIP = NO;
				DEBUG_INFORMATION_FORMAT = "dwarf-with-dsym";
				ENABLE_NS_ASSERTIONS = NO;
				ENABLE_STRICT_OBJC_MSGSEND = YES;
				GCC_C_LANGUAGE_STANDARD = gnu11;
				GCC_NO_COMMON_BLOCKS = YES;
				GCC_WARN_64_TO_32_BIT_CONVERSION = YES;
				GCC_WARN_ABOUT_RETURN_TYPE = YES_ERROR;
				GCC_WARN_UNDECLARED_SELECTOR = YES;
				GCC_WARN_UNINITIALIZED_AUTOS = YES_AGGRESSIVE;
				GCC_WARN_UNUSED_FUNCTION = YES;
				GCC_WARN_UNUSED_VARIABLE = YES;
				IPHONEOS_DEPLOYMENT_TARGET = 13.0;
				MTL_ENABLE_DEBUG_INFO = NO;
				MTL_FAST_MATH = YES;
				SDKROOT = iphoneos;
				VALIDATE_PRODUCT = YES;
			};
			name = Release;
		};
		6CA27AC923545FD4001B3BA9 /* Debug */ = {
			isa = XCBuildConfiguration;
			buildSettings = {
				ASSETCATALOG_COMPILER_APPICON_NAME = AppIcon;
				CODE_SIGN_STYLE = Automatic;
				DEVELOPMENT_TEAM = 747QF89C9N;
				INFOPLIST_FILE = JWQR/Info.plist;
				LD_RUNPATH_SEARCH_PATHS = (
					"$(inherited)",
					"@executable_path/Frameworks",
				);
				PRODUCT_BUNDLE_IDENTIFIER = cn.neatech.JWQR;
				PRODUCT_NAME = "$(TARGET_NAME)";
				TARGETED_DEVICE_FAMILY = "1,2";
			};
			name = Debug;
		};
		6CA27ACA23545FD4001B3BA9 /* Release */ = {
			isa = XCBuildConfiguration;
			buildSettings = {
				ASSETCATALOG_COMPILER_APPICON_NAME = AppIcon;
				CODE_SIGN_STYLE = Automatic;
				DEVELOPMENT_TEAM = 747QF89C9N;
				INFOPLIST_FILE = JWQR/Info.plist;
				LD_RUNPATH_SEARCH_PATHS = (
					"$(inherited)",
					"@executable_path/Frameworks",
				);
				PRODUCT_BUNDLE_IDENTIFIER = cn.neatech.JWQR;
				PRODUCT_NAME = "$(TARGET_NAME)";
				TARGETED_DEVICE_FAMILY = "1,2";
			};
			name = Release;
		};
		6CA27ACC23545FD4001B3BA9 /* Debug */ = {
			isa = XCBuildConfiguration;
			buildSettings = {
				BUNDLE_LOADER = "$(TEST_HOST)";
				CODE_SIGN_STYLE = Automatic;
				DEVELOPMENT_TEAM = 747QF89C9N;
				INFOPLIST_FILE = JWQRTests/Info.plist;
				IPHONEOS_DEPLOYMENT_TARGET = 13.0;
				LD_RUNPATH_SEARCH_PATHS = (
					"$(inherited)",
					"@executable_path/Frameworks",
					"@loader_path/Frameworks",
				);
				PRODUCT_BUNDLE_IDENTIFIER = cn.neatech.JWQRTests;
				PRODUCT_NAME = "$(TARGET_NAME)";
				TARGETED_DEVICE_FAMILY = "1,2";
				TEST_HOST = "$(BUILT_PRODUCTS_DIR)/JWQR.app/JWQR";
			};
			name = Debug;
		};
		6CA27ACD23545FD4001B3BA9 /* Release */ = {
			isa = XCBuildConfiguration;
			buildSettings = {
				BUNDLE_LOADER = "$(TEST_HOST)";
				CODE_SIGN_STYLE = Automatic;
				DEVELOPMENT_TEAM = 747QF89C9N;
				INFOPLIST_FILE = JWQRTests/Info.plist;
				IPHONEOS_DEPLOYMENT_TARGET = 13.0;
				LD_RUNPATH_SEARCH_PATHS = (
					"$(inherited)",
					"@executable_path/Frameworks",
					"@loader_path/Frameworks",
				);
				PRODUCT_BUNDLE_IDENTIFIER = cn.neatech.JWQRTests;
				PRODUCT_NAME = "$(TARGET_NAME)";
				TARGETED_DEVICE_FAMILY = "1,2";
				TEST_HOST = "$(BUILT_PRODUCTS_DIR)/JWQR.app/JWQR";
			};
			name = Release;
		};
		6CA27ACF23545FD4001B3BA9 /* Debug */ = {
			isa = XCBuildConfiguration;
			buildSettings = {
				CODE_SIGN_STYLE = Automatic;
				DEVELOPMENT_TEAM = 747QF89C9N;
				INFOPLIST_FILE = JWQRUITests/Info.plist;
				LD_RUNPATH_SEARCH_PATHS = (
					"$(inherited)",
					"@executable_path/Frameworks",
					"@loader_path/Frameworks",
				);
				PRODUCT_BUNDLE_IDENTIFIER = cn.neatech.JWQRUITests;
				PRODUCT_NAME = "$(TARGET_NAME)";
				TARGETED_DEVICE_FAMILY = "1,2";
				TEST_TARGET_NAME = JWQR;
			};
			name = Debug;
		};
		6CA27AD023545FD4001B3BA9 /* Release */ = {
			isa = XCBuildConfiguration;
			buildSettings = {
				CODE_SIGN_STYLE = Automatic;
				DEVELOPMENT_TEAM = 747QF89C9N;
				INFOPLIST_FILE = JWQRUITests/Info.plist;
				LD_RUNPATH_SEARCH_PATHS = (
					"$(inherited)",
					"@executable_path/Frameworks",
					"@loader_path/Frameworks",
				);
				PRODUCT_BUNDLE_IDENTIFIER = cn.neatech.JWQRUITests;
				PRODUCT_NAME = "$(TARGET_NAME)";
				TARGETED_DEVICE_FAMILY = "1,2";
				TEST_TARGET_NAME = JWQR;
			};
			name = Release;
		};
/* End XCBuildConfiguration section */

/* Begin XCConfigurationList section */
		6CA27A9423545FD1001B3BA9 /* Build configuration list for PBXProject "JWQR" */ = {
			isa = XCConfigurationList;
			buildConfigurations = (
				6CA27AC623545FD4001B3BA9 /* Debug */,
				6CA27AC723545FD4001B3BA9 /* Release */,
			);
			defaultConfigurationIsVisible = 0;
			defaultConfigurationName = Release;
		};
		6CA27AC823545FD4001B3BA9 /* Build configuration list for PBXNativeTarget "JWQR" */ = {
			isa = XCConfigurationList;
			buildConfigurations = (
				6CA27AC923545FD4001B3BA9 /* Debug */,
				6CA27ACA23545FD4001B3BA9 /* Release */,
			);
			defaultConfigurationIsVisible = 0;
			defaultConfigurationName = Release;
		};
		6CA27ACB23545FD4001B3BA9 /* Build configuration list for PBXNativeTarget "JWQRTests" */ = {
			isa = XCConfigurationList;
			buildConfigurations = (
				6CA27ACC23545FD4001B3BA9 /* Debug */,
				6CA27ACD23545FD4001B3BA9 /* Release */,
			);
			defaultConfigurationIsVisible = 0;
			defaultConfigurationName = Release;
		};
		6CA27ACE23545FD4001B3BA9 /* Build configuration list for PBXNativeTarget "JWQRUITests" */ = {
			isa = XCConfigurationList;
			buildConfigurations = (
				6CA27ACF23545FD4001B3BA9 /* Debug */,
				6CA27AD023545FD4001B3BA9 /* Release */,
			);
			defaultConfigurationIsVisible = 0;
			defaultConfigurationName = Release;
		};
/* End XCConfigurationList section */
	};
	rootObject = 6CA27A9123545FD1001B3BA9 /* Project object */;
}
